// !$*UTF8*$!
{
	archiveVersion = 1;
	classes = {
	};
	objectVersion = 46;
	objects = {

/* Begin PBXFileReference section */
		633CF25D1A745E4600927091 /* hello_world.c */ = {isa = PBXFileReference; lastKnownFileType = sourcecode.c.c; path = hello_world.c; sourceTree = "<group>"; };
		633CF25E1A745E4600927091 /* hello_world.h */ = {isa = PBXFileReference; lastKnownFileType = sourcecode.c.h; path = hello_world.h; sourceTree = "<group>"; };
/* End PBXFileReference section */

/* Begin PBXGroup section */
		633CF2561A745DCA00927091 = {
			isa = PBXGroup;
			children = (
				633CF25D1A745E4600927091 /* hello_world.c */,
				633CF25E1A745E4600927091 /* hello_world.h */,
			);
			sourceTree = "<group>";
		};
/* End PBXGroup section */

/* Begin PBXProject section */
		633CF2571A745DCA00927091 /* Project object */ = {
			isa = PBXProject;
			attributes = {
				LastUpgradeCheck = 0610;
			};
			buildConfigurationList = 633CF25A1A745DCA00927091 /* Build configuration list for PBXProject "HelloWorld" */;
			compatibilityVersion = "Xcode 3.2";
			developmentRegion = English;
			hasScannedForEncodings = 0;
			knownRegions = (
				en,
			);
			mainGroup = 633CF2561A745DCA00927091;
			projectDirPath = "";
			projectRoot = "";
			targets = (
			);
		};
/* End PBXProject section */

/* Begin XCBuildConfiguration section */
		633CF25B1A745DCA00927091 /* Debug */ = {
			isa = XCBuildConfiguration;
			buildSettings = {
			};
			name = Debug;
		};
		633CF25C1A745DCA00927091 /* Release */ = {
			isa = XCBuildConfiguration;
			buildSettings = {
			};
			name = Release;
		};
/* End XCBuildConfiguration section */

/* Begin XCConfigurationList section */
		633CF25A1A745DCA00927091 /* Build configuration list for PBXProject "HelloWorld" */ = {
			isa = XCConfigurationList;
			buildConfigurations = (
				633CF25B1A745DCA00927091 /* Debug */,
				633CF25C1A745DCA00927091 /* Release */,
			);
			defaultConfigurationIsVisible = 0;
			defaultConfigurationName = Release;
		};
/* End XCConfigurationList section */
	};
	rootObject = 633CF2571A745DCA00927091 /* Project object */;
}
